
Microsoft Visual Studio Solution File, Format Version 12.00
# Visual Studio Version 17
VisualStudioVersion = 17.1.32407.343
MinimumVisualStudioVersion = 10.0.40219.1
Project("{FAE04EC0-301F-11D3-BF4B-00C04F79EFBC}") = "VehicleAccounting", "VehicleAccounting\VehicleAccounting.csproj", "{D311A418-275D-45E8-9B26-623A98AD45A3}"
EndProject
Global
	GlobalSection(SolutionConfigurationPlatforms) = preSolution
		Debug|Any CPU = Debug|Any CPU
		Release|Any CPU = Release|Any CPU
	EndGlobalSection
	GlobalSection(ProjectConfigurationPlatforms) = postSolution
		{D311A418-275D-45E8-9B26-623A98AD45A3}.Debug|Any CPU.ActiveCfg = Debug|Any CPU
		{D311A418-275D-45E8-9B26-623A98AD45A3}.Debug|Any CPU.Build.0 = Debug|Any CPU
		{D311A418-275D-45E8-9B26-623A98AD45A3}.Release|Any CPU.ActiveCfg = Release|Any CPU
		{D311A418-275D-45E8-9B26-623A98AD45A3}.Release|Any CPU.Build.0 = Release|Any CPU
	EndGlobalSection
	GlobalSection(SolutionProperties) = preSolution
		HideSolutionNode = FALSE
	EndGlobalSection
	GlobalSection(ExtensibilityGlobals) = postSolution
		SolutionGuid = {A5D50755-9F78-4EC0-9569-E2FE87FE0C19}
	EndGlobalSection
EndGlobal
